// !$*UTF8*$!
{
	archiveVersion = 1;
	classes = {
	};
	objectVersion = 56;
	objects = {

/* Begin PBXBuildFile section */
		6105216C29D5779100277DC7 /* AppDelegate.swift in Sources */ = {isa = PBXBuildFile; fileRef = 6105216B29D5779100277DC7 /* AppDelegate.swift */; };
		6105216E29D5779100277DC7 /* SceneDelegate.swift in Sources */ = {isa = PBXBuildFile; fileRef = 6105216D29D5779100277DC7 /* SceneDelegate.swift */; };
		6105217529D5779200277DC7 /* Assets.xcassets in Resources */ = {isa = PBXBuildFile; fileRef = 6105217429D5779200277DC7 /* Assets.xcassets */; };
		6105217829D5779200277DC7 /* LaunchScreen.storyboard in Resources */ = {isa = PBXBuildFile; fileRef = 6105217629D5779200277DC7 /* LaunchScreen.storyboard */; };
		6105219D29D577F400277DC7 /* HomeViewController.swift in Sources */ = {isa = PBXBuildFile; fileRef = 6105219C29D577F400277DC7 /* HomeViewController.swift */; };
		6105219F29D57C3800277DC7 /* StartUpRouter.swift in Sources */ = {isa = PBXBuildFile; fileRef = 6105219E29D57C3800277DC7 /* StartUpRouter.swift */; };
		610521A229D5815D00277DC7 /* HomePresenter.swift in Sources */ = {isa = PBXBuildFile; fileRef = 610521A129D5815D00277DC7 /* HomePresenter.swift */; };
		610521A429D5816800277DC7 /* HomeInteractor.swift in Sources */ = {isa = PBXBuildFile; fileRef = 610521A329D5816800277DC7 /* HomeInteractor.swift */; };
		610521A629D5817300277DC7 /* HomeRouter.swift in Sources */ = {isa = PBXBuildFile; fileRef = 610521A529D5817300277DC7 /* HomeRouter.swift */; };
		610522B729D690DA00277DC7 /* Constant.swift in Sources */ = {isa = PBXBuildFile; fileRef = 610522B629D690DA00277DC7 /* Constant.swift */; };
		610522B929D69E5200277DC7 /* RecordsRouter.swift in Sources */ = {isa = PBXBuildFile; fileRef = 610522B829D69E5200277DC7 /* RecordsRouter.swift */; };
		610522BB29D6A93500277DC7 /* HomeRouterType.swift in Sources */ = {isa = PBXBuildFile; fileRef = 610522BA29D6A93500277DC7 /* HomeRouterType.swift */; };
		610522BD29D6AA0F00277DC7 /* HomeInteractorType.swift in Sources */ = {isa = PBXBuildFile; fileRef = 610522BC29D6AA0F00277DC7 /* HomeInteractorType.swift */; };
		610522C029D6AC5600277DC7 /* LotteryRepository.swift in Sources */ = {isa = PBXBuildFile; fileRef = 610522BF29D6AC5600277DC7 /* LotteryRepository.swift */; };
		610522C229D6ACAB00277DC7 /* LotteryRepositoryType.swift in Sources */ = {isa = PBXBuildFile; fileRef = 610522C129D6ACAB00277DC7 /* LotteryRepositoryType.swift */; };
		610522C529D7F7F300277DC7 /* HomePresenterTests.swift in Sources */ = {isa = PBXBuildFile; fileRef = 610522C429D7F7F300277DC7 /* HomePresenterTests.swift */; };
		610522C729D800B900277DC7 /* HomeInteractorTests.swift in Sources */ = {isa = PBXBuildFile; fileRef = 610522C629D800B900277DC7 /* HomeInteractorTests.swift */; };
		610522CA29D8068200277DC7 /* RecordsViewController.swift in Sources */ = {isa = PBXBuildFile; fileRef = 610522C929D8068200277DC7 /* RecordsViewController.swift */; };
		610522CC29D806C100277DC7 /* RecordsPresenter.swift in Sources */ = {isa = PBXBuildFile; fileRef = 610522CB29D806C100277DC7 /* RecordsPresenter.swift */; };
		610522CE29D806CA00277DC7 /* RecordsInteractor.swift in Sources */ = {isa = PBXBuildFile; fileRef = 610522CD29D806CA00277DC7 /* RecordsInteractor.swift */; };
		610522D029D806D400277DC7 /* RecordsRouterType.swift in Sources */ = {isa = PBXBuildFile; fileRef = 610522CF29D806D400277DC7 /* RecordsRouterType.swift */; };
		610522D229D8073700277DC7 /* RecordsInteractorType.swift in Sources */ = {isa = PBXBuildFile; fileRef = 610522D129D8073700277DC7 /* RecordsInteractorType.swift */; };
		610522D429D815D200277DC7 /* RecordCellViewObject.swift in Sources */ = {isa = PBXBuildFile; fileRef = 610522D329D815D200277DC7 /* RecordCellViewObject.swift */; };
		610522D629D81CBB00277DC7 /* RecordTableViewCell.swift in Sources */ = {isa = PBXBuildFile; fileRef = 610522D529D81CBB00277DC7 /* RecordTableViewCell.swift */; };
		610522D829D828DD00277DC7 /* Record.swift in Sources */ = {isa = PBXBuildFile; fileRef = 610522D729D828DD00277DC7 /* Record.swift */; };
		610522DA29D82AC200277DC7 /* OrderRepository.swift in Sources */ = {isa = PBXBuildFile; fileRef = 610522D929D82AC200277DC7 /* OrderRepository.swift */; };
		610522DC29D82AD900277DC7 /* OrderRepositoryType.swift in Sources */ = {isa = PBXBuildFile; fileRef = 610522DB29D82AD900277DC7 /* OrderRepositoryType.swift */; };
		610522DE29D82B0600277DC7 /* Order.swift in Sources */ = {isa = PBXBuildFile; fileRef = 610522DD29D82B0600277DC7 /* Order.swift */; };
		610522E129D8354B00277DC7 /* RecordsPresenterTests.swift in Sources */ = {isa = PBXBuildFile; fileRef = 610522E029D8354B00277DC7 /* RecordsPresenterTests.swift */; };
		61DA899E29D8507D00F98999 /* RecordsInteractorTests.swift in Sources */ = {isa = PBXBuildFile; fileRef = 61DA899D29D8507D00F98999 /* RecordsInteractorTests.swift */; };
/* End PBXBuildFile section */

/* Begin PBXContainerItemProxy section */
		6105217F29D5779200277DC7 /* PBXContainerItemProxy */ = {
			isa = PBXContainerItemProxy;
			containerPortal = 6105216029D5779100277DC7 /* Project object */;
			proxyType = 1;
			remoteGlobalIDString = 6105216729D5779100277DC7;
			remoteInfo = "VIPER-Demo";
		};
/* End PBXContainerItemProxy section */

/* Begin PBXFileReference section */
		6105216829D5779100277DC7 /* VIPER-Demo.app */ = {isa = PBXFileReference; explicitFileType = wrapper.application; includeInIndex = 0; path = "VIPER-Demo.app"; sourceTree = BUILT_PRODUCTS_DIR; };
		6105216B29D5779100277DC7 /* AppDelegate.swift */ = {isa = PBXFileReference; lastKnownFileType = sourcecode.swift; path = AppDelegate.swift; sourceTree = "<group>"; };
		6105216D29D5779100277DC7 /* SceneDelegate.swift */ = {isa = PBXFileReference; lastKnownFileType = sourcecode.swift; path = SceneDelegate.swift; sourceTree = "<group>"; };
		6105217429D5779200277DC7 /* Assets.xcassets */ = {isa = PBXFileReference; lastKnownFileType = folder.assetcatalog; path = Assets.xcassets; sourceTree = "<group>"; };
		6105217729D5779200277DC7 /* Base */ = {isa = PBXFileReference; lastKnownFileType = file.storyboard; name = Base; path = Base.lproj/LaunchScreen.storyboard; sourceTree = "<group>"; };
		6105217929D5779200277DC7 /* Info.plist */ = {isa = PBXFileReference; lastKnownFileType = text.plist.xml; path = Info.plist; sourceTree = "<group>"; };
		6105217E29D5779200277DC7 /* VIPER-DemoTests.xctest */ = {isa = PBXFileReference; explicitFileType = wrapper.cfbundle; includeInIndex = 0; path = "VIPER-DemoTests.xctest"; sourceTree = BUILT_PRODUCTS_DIR; };
		6105219C29D577F400277DC7 /* HomeViewController.swift */ = {isa = PBXFileReference; lastKnownFileType = sourcecode.swift; path = HomeViewController.swift; sourceTree = "<group>"; };
		6105219E29D57C3800277DC7 /* StartUpRouter.swift */ = {isa = PBXFileReference; lastKnownFileType = sourcecode.swift; path = StartUpRouter.swift; sourceTree = "<group>"; };
		610521A129D5815D00277DC7 /* HomePresenter.swift */ = {isa = PBXFileReference; lastKnownFileType = sourcecode.swift; path = HomePresenter.swift; sourceTree = "<group>"; };
		610521A329D5816800277DC7 /* HomeInteractor.swift */ = {isa = PBXFileReference; lastKnownFileType = sourcecode.swift; path = HomeInteractor.swift; sourceTree = "<group>"; };
		610521A529D5817300277DC7 /* HomeRouter.swift */ = {isa = PBXFileReference; lastKnownFileType = sourcecode.swift; path = HomeRouter.swift; sourceTree = "<group>"; };
		610522B629D690DA00277DC7 /* Constant.swift */ = {isa = PBXFileReference; lastKnownFileType = sourcecode.swift; path = Constant.swift; sourceTree = "<group>"; };
		610522B829D69E5200277DC7 /* RecordsRouter.swift */ = {isa = PBXFileReference; lastKnownFileType = sourcecode.swift; path = RecordsRouter.swift; sourceTree = "<group>"; };
		610522BA29D6A93500277DC7 /* HomeRouterType.swift */ = {isa = PBXFileReference; lastKnownFileType = sourcecode.swift; path = HomeRouterType.swift; sourceTree = "<group>"; };
		610522BC29D6AA0F00277DC7 /* HomeInteractorType.swift */ = {isa = PBXFileReference; lastKnownFileType = sourcecode.swift; path = HomeInteractorType.swift; sourceTree = "<group>"; };
		610522BF29D6AC5600277DC7 /* LotteryRepository.swift */ = {isa = PBXFileReference; lastKnownFileType = sourcecode.swift; path = LotteryRepository.swift; sourceTree = "<group>"; };
		610522C129D6ACAB00277DC7 /* LotteryRepositoryType.swift */ = {isa = PBXFileReference; lastKnownFileType = sourcecode.swift; path = LotteryRepositoryType.swift; sourceTree = "<group>"; };
		610522C429D7F7F300277DC7 /* HomePresenterTests.swift */ = {isa = PBXFileReference; lastKnownFileType = sourcecode.swift; path = HomePresenterTests.swift; sourceTree = "<group>"; };
		610522C629D800B900277DC7 /* HomeInteractorTests.swift */ = {isa = PBXFileReference; lastKnownFileType = sourcecode.swift; path = HomeInteractorTests.swift; sourceTree = "<group>"; };
		610522C929D8068200277DC7 /* RecordsViewController.swift */ = {isa = PBXFileReference; lastKnownFileType = sourcecode.swift; path = RecordsViewController.swift; sourceTree = "<group>"; };
		610522CB29D806C100277DC7 /* RecordsPresenter.swift */ = {isa = PBXFileReference; lastKnownFileType = sourcecode.swift; path = RecordsPresenter.swift; sourceTree = "<group>"; };
		610522CD29D806CA00277DC7 /* RecordsInteractor.swift */ = {isa = PBXFileReference; lastKnownFileType = sourcecode.swift; path = RecordsInteractor.swift; sourceTree = "<group>"; };
		610522CF29D806D400277DC7 /* RecordsRouterType.swift */ = {isa = PBXFileReference; lastKnownFileType = sourcecode.swift; path = RecordsRouterType.swift; sourceTree = "<group>"; };
		610522D129D8073700277DC7 /* RecordsInteractorType.swift */ = {isa = PBXFileReference; lastKnownFileType = sourcecode.swift; path = RecordsInteractorType.swift; sourceTree = "<group>"; };
		610522D329D815D200277DC7 /* RecordCellViewObject.swift */ = {isa = PBXFileReference; lastKnownFileType = sourcecode.swift; path = RecordCellViewObject.swift; sourceTree = "<group>"; };
		610522D529D81CBB00277DC7 /* RecordTableViewCell.swift */ = {isa = PBXFileReference; lastKnownFileType = sourcecode.swift; path = RecordTableViewCell.swift; sourceTree = "<group>"; };
		610522D729D828DD00277DC7 /* Record.swift */ = {isa = PBXFileReference; lastKnownFileType = sourcecode.swift; path = Record.swift; sourceTree = "<group>"; };
		610522D929D82AC200277DC7 /* OrderRepository.swift */ = {isa = PBXFileReference; lastKnownFileType = sourcecode.swift; path = OrderRepository.swift; sourceTree = "<group>"; };
		610522DB29D82AD900277DC7 /* OrderRepositoryType.swift */ = {isa = PBXFileReference; lastKnownFileType = sourcecode.swift; path = OrderRepositoryType.swift; sourceTree = "<group>"; };
		610522DD29D82B0600277DC7 /* Order.swift */ = {isa = PBXFileReference; lastKnownFileType = sourcecode.swift; path = Order.swift; sourceTree = "<group>"; };
		610522E029D8354B00277DC7 /* RecordsPresenterTests.swift */ = {isa = PBXFileReference; lastKnownFileType = sourcecode.swift; path = RecordsPresenterTests.swift; sourceTree = "<group>"; };
		61DA899D29D8507D00F98999 /* RecordsInteractorTests.swift */ = {isa = PBXFileReference; lastKnownFileType = sourcecode.swift; path = RecordsInteractorTests.swift; sourceTree = "<group>"; };
/* End PBXFileReference section */

/* Begin PBXFrameworksBuildPhase section */
		6105216529D5779100277DC7 /* Frameworks */ = {
			isa = PBXFrameworksBuildPhase;
			buildActionMask = 2147483647;
			files = (
			);
			runOnlyForDeploymentPostprocessing = 0;
		};
		6105217B29D5779200277DC7 /* Frameworks */ = {
			isa = PBXFrameworksBuildPhase;
			buildActionMask = 2147483647;
			files = (
			);
			runOnlyForDeploymentPostprocessing = 0;
		};
/* End PBXFrameworksBuildPhase section */

/* Begin PBXGroup section */
		6105215F29D5779100277DC7 = {
			isa = PBXGroup;
			children = (
				6105216A29D5779100277DC7 /* VIPER-Demo */,
				6105218129D5779200277DC7 /* VIPER-DemoTests */,
				6105216929D5779100277DC7 /* Products */,
			);
			sourceTree = "<group>";
		};
		6105216929D5779100277DC7 /* Products */ = {
			isa = PBXGroup;
			children = (
				6105216829D5779100277DC7 /* VIPER-Demo.app */,
				6105217E29D5779200277DC7 /* VIPER-DemoTests.xctest */,
			);
			name = Products;
			sourceTree = "<group>";
		};
		6105216A29D5779100277DC7 /* VIPER-Demo */ = {
			isa = PBXGroup;
			children = (
				61DA899F29D855DC00F98999 /* Modules */,
				610522BE29D6AC0900277DC7 /* Repository */,
				610522B529D690A900277DC7 /* AppModel */,
				6105219B29D577DC00277DC7 /* Routers */,
				6105216B29D5779100277DC7 /* AppDelegate.swift */,
				6105216D29D5779100277DC7 /* SceneDelegate.swift */,
				6105217429D5779200277DC7 /* Assets.xcassets */,
				6105217629D5779200277DC7 /* LaunchScreen.storyboard */,
				6105217929D5779200277DC7 /* Info.plist */,
			);
			path = "VIPER-Demo";
			sourceTree = "<group>";
		};
		6105218129D5779200277DC7 /* VIPER-DemoTests */ = {
			isa = PBXGroup;
			children = (
				61DA89A029D855F100F98999 /* Modules */,
			);
			path = "VIPER-DemoTests";
			sourceTree = "<group>";
		};
		6105219B29D577DC00277DC7 /* Routers */ = {
			isa = PBXGroup;
			children = (
				6105219E29D57C3800277DC7 /* StartUpRouter.swift */,
				610521A529D5817300277DC7 /* HomeRouter.swift */,
				610522B829D69E5200277DC7 /* RecordsRouter.swift */,
			);
			path = Routers;
			sourceTree = "<group>";
		};
		610521A029D57EBA00277DC7 /* Home */ = {
			isa = PBXGroup;
			children = (
				61DA89A229D8563C00F98999 /* View */,
				610521A129D5815D00277DC7 /* HomePresenter.swift */,
				610521A329D5816800277DC7 /* HomeInteractor.swift */,
				610522BA29D6A93500277DC7 /* HomeRouterType.swift */,
				610522BC29D6AA0F00277DC7 /* HomeInteractorType.swift */,
			);
			path = Home;
			sourceTree = "<group>";
		};
		610522B529D690A900277DC7 /* AppModel */ = {
			isa = PBXGroup;
			children = (
				610522B629D690DA00277DC7 /* Constant.swift */,
			);
			path = AppModel;
			sourceTree = "<group>";
		};
		610522BE29D6AC0900277DC7 /* Repository */ = {
			isa = PBXGroup;
			children = (
				61DA89A329D8565600F98999 /* ApiModel */,
				610522BF29D6AC5600277DC7 /* LotteryRepository.swift */,
				610522C129D6ACAB00277DC7 /* LotteryRepositoryType.swift */,
				610522D929D82AC200277DC7 /* OrderRepository.swift */,
				610522DB29D82AD900277DC7 /* OrderRepositoryType.swift */,
			);
			path = Repository;
			sourceTree = "<group>";
		};
		610522C329D7F7D200277DC7 /* Home */ = {
			isa = PBXGroup;
			children = (
				610522C429D7F7F300277DC7 /* HomePresenterTests.swift */,
				610522C629D800B900277DC7 /* HomeInteractorTests.swift */,
			);
			path = Home;
			sourceTree = "<group>";
		};
		610522C829D8067000277DC7 /* Records */ = {
			isa = PBXGroup;
			children = (
				61DA89A429D8571300F98999 /* Model */,
				61DA89A129D8561C00F98999 /* View */,
				610522CB29D806C100277DC7 /* RecordsPresenter.swift */,
				610522CD29D806CA00277DC7 /* RecordsInteractor.swift */,
				610522CF29D806D400277DC7 /* RecordsRouterType.swift */,
				610522D129D8073700277DC7 /* RecordsInteractorType.swift */,
			);
			path = Records;
			sourceTree = "<group>";
		};
		610522DF29D8353000277DC7 /* Records */ = {
			isa = PBXGroup;
			children = (
				610522E029D8354B00277DC7 /* RecordsPresenterTests.swift */,
				61DA899D29D8507D00F98999 /* RecordsInteractorTests.swift */,
			);
			path = Records;
			sourceTree = "<group>";
		};
		61DA899F29D855DC00F98999 /* Modules */ = {
			isa = PBXGroup;
			children = (
				610521A029D57EBA00277DC7 /* Home */,
				610522C829D8067000277DC7 /* Records */,
			);
			path = Modules;
			sourceTree = "<group>";
		};
		61DA89A029D855F100F98999 /* Modules */ = {
			isa = PBXGroup;
			children = (
				610522C329D7F7D200277DC7 /* Home */,
				610522DF29D8353000277DC7 /* Records */,
			);
			path = Modules;
			sourceTree = "<group>";
		};
		61DA89A129D8561C00F98999 /* View */ = {
			isa = PBXGroup;
			children = (
				610522C929D8068200277DC7 /* RecordsViewController.swift */,
				610522D529D81CBB00277DC7 /* RecordTableViewCell.swift */,
			);
			path = View;
			sourceTree = "<group>";
		};
		61DA89A229D8563C00F98999 /* View */ = {
			isa = PBXGroup;
			children = (
				6105219C29D577F400277DC7 /* HomeViewController.swift */,
			);
			path = View;
			sourceTree = "<group>";
		};
		61DA89A329D8565600F98999 /* ApiModel */ = {
			isa = PBXGroup;
			children = (
				610522DD29D82B0600277DC7 /* Order.swift */,
			);
			path = ApiModel;
			sourceTree = "<group>";
		};
		61DA89A429D8571300F98999 /* Model */ = {
			isa = PBXGroup;
			children = (
				610522D729D828DD00277DC7 /* Record.swift */,
				610522D329D815D200277DC7 /* RecordCellViewObject.swift */,
			);
			path = Model;
			sourceTree = "<group>";
		};
/* End PBXGroup section */

/* Begin PBXNativeTarget section */
		6105216729D5779100277DC7 /* VIPER-Demo */ = {
			isa = PBXNativeTarget;
			buildConfigurationList = 6105219229D5779200277DC7 /* Build configuration list for PBXNativeTarget "VIPER-Demo" */;
			buildPhases = (
				6105216429D5779100277DC7 /* Sources */,
				6105216529D5779100277DC7 /* Frameworks */,
				6105216629D5779100277DC7 /* Resources */,
			);
			buildRules = (
			);
			dependencies = (
			);
			name = "VIPER-Demo";
			productName = "VIPER-Demo";
			productReference = 6105216829D5779100277DC7 /* VIPER-Demo.app */;
			productType = "com.apple.product-type.application";
		};
		6105217D29D5779200277DC7 /* VIPER-DemoTests */ = {
			isa = PBXNativeTarget;
			buildConfigurationList = 6105219529D5779200277DC7 /* Build configuration list for PBXNativeTarget "VIPER-DemoTests" */;
			buildPhases = (
				6105217A29D5779200277DC7 /* Sources */,
				6105217B29D5779200277DC7 /* Frameworks */,
				6105217C29D5779200277DC7 /* Resources */,
			);
			buildRules = (
			);
			dependencies = (
				6105218029D5779200277DC7 /* PBXTargetDependency */,
			);
			name = "VIPER-DemoTests";
			productName = "VIPER-DemoTests";
			productReference = 6105217E29D5779200277DC7 /* VIPER-DemoTests.xctest */;
			productType = "com.apple.product-type.bundle.unit-test";
		};
/* End PBXNativeTarget section */

/* Begin PBXProject section */
		6105216029D5779100277DC7 /* Project object */ = {
			isa = PBXProject;
			attributes = {
				BuildIndependentTargetsInParallel = 1;
				LastSwiftUpdateCheck = 1420;
				LastUpgradeCheck = 1420;
				TargetAttributes = {
					6105216729D5779100277DC7 = {
						CreatedOnToolsVersion = 14.2;
					};
					6105217D29D5779200277DC7 = {
						CreatedOnToolsVersion = 14.2;
						TestTargetID = 6105216729D5779100277DC7;
					};
				};
			};
			buildConfigurationList = 6105216329D5779100277DC7 /* Build configuration list for PBXProject "VIPER-Demo" */;
			compatibilityVersion = "Xcode 14.0";
			developmentRegion = en;
			hasScannedForEncodings = 0;
			knownRegions = (
				en,
				Base,
			);
			mainGroup = 6105215F29D5779100277DC7;
			productRefGroup = 6105216929D5779100277DC7 /* Products */;
			projectDirPath = "";
			projectRoot = "";
			targets = (
				6105216729D5779100277DC7 /* VIPER-Demo */,
				6105217D29D5779200277DC7 /* VIPER-DemoTests */,
			);
		};
/* End PBXProject section */

/* Begin PBXResourcesBuildPhase section */
		6105216629D5779100277DC7 /* Resources */ = {
			isa = PBXResourcesBuildPhase;
			buildActionMask = 2147483647;
			files = (
				6105217829D5779200277DC7 /* LaunchScreen.storyboard in Resources */,
				6105217529D5779200277DC7 /* Assets.xcassets in Resources */,
			);
			runOnlyForDeploymentPostprocessing = 0;
		};
		6105217C29D5779200277DC7 /* Resources */ = {
			isa = PBXResourcesBuildPhase;
			buildActionMask = 2147483647;
			files = (
			);
			runOnlyForDeploymentPostprocessing = 0;
		};
/* End PBXResourcesBuildPhase section */

/* Begin PBXSourcesBuildPhase section */
		6105216429D5779100277DC7 /* Sources */ = {
			isa = PBXSourcesBuildPhase;
			buildActionMask = 2147483647;
			files = (
				610522BD29D6AA0F00277DC7 /* HomeInteractorType.swift in Sources */,
				610522CA29D8068200277DC7 /* RecordsViewController.swift in Sources */,
				6105216C29D5779100277DC7 /* AppDelegate.swift in Sources */,
				610522C229D6ACAB00277DC7 /* LotteryRepositoryType.swift in Sources */,
				610522BB29D6A93500277DC7 /* HomeRouterType.swift in Sources */,
				6105216E29D5779100277DC7 /* SceneDelegate.swift in Sources */,
				610522CC29D806C100277DC7 /* RecordsPresenter.swift in Sources */,
				610522D029D806D400277DC7 /* RecordsRouterType.swift in Sources */,
				610521A629D5817300277DC7 /* HomeRouter.swift in Sources */,
				610522B729D690DA00277DC7 /* Constant.swift in Sources */,
				6105219F29D57C3800277DC7 /* StartUpRouter.swift in Sources */,
				610522D829D828DD00277DC7 /* Record.swift in Sources */,
				610522DA29D82AC200277DC7 /* OrderRepository.swift in Sources */,
				610522DC29D82AD900277DC7 /* OrderRepositoryType.swift in Sources */,
				610522B929D69E5200277DC7 /* RecordsRouter.swift in Sources */,
				610521A429D5816800277DC7 /* HomeInteractor.swift in Sources */,
				610522C029D6AC5600277DC7 /* LotteryRepository.swift in Sources */,
				610521A229D5815D00277DC7 /* HomePresenter.swift in Sources */,
				610522DE29D82B0600277DC7 /* Order.swift in Sources */,
				610522D429D815D200277DC7 /* RecordCellViewObject.swift in Sources */,
				6105219D29D577F400277DC7 /* HomeViewController.swift in Sources */,
				610522CE29D806CA00277DC7 /* RecordsInteractor.swift in Sources */,
				610522D629D81CBB00277DC7 /* RecordTableViewCell.swift in Sources */,
				610522D229D8073700277DC7 /* RecordsInteractorType.swift in Sources */,
			);
			runOnlyForDeploymentPostprocessing = 0;
		};
		6105217A29D5779200277DC7 /* Sources */ = {
			isa = PBXSourcesBuildPhase;
			buildActionMask = 2147483647;
			files = (
				610522E129D8354B00277DC7 /* RecordsPresenterTests.swift in Sources */,
				610522C729D800B900277DC7 /* HomeInteractorTests.swift in Sources */,
				610522C529D7F7F300277DC7 /* HomePresenterTests.swift in Sources */,
				61DA899E29D8507D00F98999 /* RecordsInteractorTests.swift in Sources */,
			);
			runOnlyForDeploymentPostprocessing = 0;
		};
/* End PBXSourcesBuildPhase section */

/* Begin PBXTargetDependency section */
		6105218029D5779200277DC7 /* PBXTargetDependency */ = {
			isa = PBXTargetDependency;
			target = 6105216729D5779100277DC7 /* VIPER-Demo */;
			targetProxy = 6105217F29D5779200277DC7 /* PBXContainerItemProxy */;
		};
/* End PBXTargetDependency section */

/* Begin PBXVariantGroup section */
		6105217629D5779200277DC7 /* LaunchScreen.storyboard */ = {
			isa = PBXVariantGroup;
			children = (
				6105217729D5779200277DC7 /* Base */,
			);
			name = LaunchScreen.storyboard;
			sourceTree = "<group>";
		};
/* End PBXVariantGroup section */

/* Begin XCBuildConfiguration section */
		6105219029D5779200277DC7 /* Debug */ = {
			isa = XCBuildConfiguration;
			buildSettings = {
				ALWAYS_SEARCH_USER_PATHS = NO;
				CLANG_ANALYZER_NONNULL = YES;
				CLANG_ANALYZER_NUMBER_OBJECT_CONVERSION = YES_AGGRESSIVE;
				CLANG_CXX_LANGUAGE_STANDARD = "gnu++20";
				CLANG_ENABLE_MODULES = YES;
				CLANG_ENABLE_OBJC_ARC = YES;
				CLANG_ENABLE_OBJC_WEAK = YES;
				CLANG_WARN_BLOCK_CAPTURE_AUTORELEASING = YES;
				CLANG_WARN_BOOL_CONVERSION = YES;
				CLANG_WARN_COMMA = YES;
				CLANG_WARN_CONSTANT_CONVERSION = YES;
				CLANG_WARN_DEPRECATED_OBJC_IMPLEMENTATIONS = YES;
				CLANG_WARN_DIRECT_OBJC_ISA_USAGE = YES_ERROR;
				CLANG_WARN_DOCUMENTATION_COMMENTS = YES;
				CLANG_WARN_EMPTY_BODY = YES;
				CLANG_WARN_ENUM_CONVERSION = YES;
				CLANG_WARN_INFINITE_RECURSION = YES;
				CLANG_WARN_INT_CONVERSION = YES;
				CLANG_WARN_NON_LITERAL_NULL_CONVERSION = YES;
				CLANG_WARN_OBJC_IMPLICIT_RETAIN_SELF = YES;
				CLANG_WARN_OBJC_LITERAL_CONVERSION = YES;
				CLANG_WARN_OBJC_ROOT_CLASS = YES_ERROR;
				CLANG_WARN_QUOTED_INCLUDE_IN_FRAMEWORK_HEADER = YES;
				CLANG_WARN_RANGE_LOOP_ANALYSIS = YES;
				CLANG_WARN_STRICT_PROTOTYPES = YES;
				CLANG_WARN_SUSPICIOUS_MOVE = YES;
				CLANG_WARN_UNGUARDED_AVAILABILITY = YES_AGGRESSIVE;
				CLANG_WARN_UNREACHABLE_CODE = YES;
				CLANG_WARN__DUPLICATE_METHOD_MATCH = YES;
				COPY_PHASE_STRIP = NO;
				DEBUG_INFORMATION_FORMAT = dwarf;
				ENABLE_STRICT_OBJC_MSGSEND = YES;
				ENABLE_TESTABILITY = YES;
				GCC_C_LANGUAGE_STANDARD = gnu11;
				GCC_DYNAMIC_NO_PIC = NO;
				GCC_NO_COMMON_BLOCKS = YES;
				GCC_OPTIMIZATION_LEVEL = 0;
				GCC_PREPROCESSOR_DEFINITIONS = (
					"DEBUG=1",
					"$(inherited)",
				);
				GCC_WARN_64_TO_32_BIT_CONVERSION = YES;
				GCC_WARN_ABOUT_RETURN_TYPE = YES_ERROR;
				GCC_WARN_UNDECLARED_SELECTOR = YES;
				GCC_WARN_UNINITIALIZED_AUTOS = YES_AGGRESSIVE;
				GCC_WARN_UNUSED_FUNCTION = YES;
				GCC_WARN_UNUSED_VARIABLE = YES;
				IPHONEOS_DEPLOYMENT_TARGET = 16.2;
				MTL_ENABLE_DEBUG_INFO = INCLUDE_SOURCE;
				MTL_FAST_MATH = YES;
				ONLY_ACTIVE_ARCH = YES;
				SDKROOT = iphoneos;
				SWIFT_ACTIVE_COMPILATION_CONDITIONS = DEBUG;
				SWIFT_OPTIMIZATION_LEVEL = "-Onone";
			};
			name = Debug;
		};
		6105219129D5779200277DC7 /* Release */ = {
			isa = XCBuildConfiguration;
			buildSettings = {
				ALWAYS_SEARCH_USER_PATHS = NO;
				CLANG_ANALYZER_NONNULL = YES;
				CLANG_ANALYZER_NUMBER_OBJECT_CONVERSION = YES_AGGRESSIVE;
				CLANG_CXX_LANGUAGE_STANDARD = "gnu++20";
				CLANG_ENABLE_MODULES = YES;
				CLANG_ENABLE_OBJC_ARC = YES;
				CLANG_ENABLE_OBJC_WEAK = YES;
				CLANG_WARN_BLOCK_CAPTURE_AUTORELEASING = YES;
				CLANG_WARN_BOOL_CONVERSION = YES;
				CLANG_WARN_COMMA = YES;
				CLANG_WARN_CONSTANT_CONVERSION = YES;
				CLANG_WARN_DEPRECATED_OBJC_IMPLEMENTATIONS = YES;
				CLANG_WARN_DIRECT_OBJC_ISA_USAGE = YES_ERROR;
				CLANG_WARN_DOCUMENTATION_COMMENTS = YES;
				CLANG_WARN_EMPTY_BODY = YES;
				CLANG_WARN_ENUM_CONVERSION = YES;
				CLANG_WARN_INFINITE_RECURSION = YES;
				CLANG_WARN_INT_CONVERSION = YES;
				CLANG_WARN_NON_LITERAL_NULL_CONVERSION = YES;
				CLANG_WARN_OBJC_IMPLICIT_RETAIN_SELF = YES;
				CLANG_WARN_OBJC_LITERAL_CONVERSION = YES;
				CLANG_WARN_OBJC_ROOT_CLASS = YES_ERROR;
				CLANG_WARN_QUOTED_INCLUDE_IN_FRAMEWORK_HEADER = YES;
				CLANG_WARN_RANGE_LOOP_ANALYSIS = YES;
				CLANG_WARN_STRICT_PROTOTYPES = YES;
				CLANG_WARN_SUSPICIOUS_MOVE = YES;
				CLANG_WARN_UNGUARDED_AVAILABILITY = YES_AGGRESSIVE;
				CLANG_WARN_UNREACHABLE_CODE = YES;
				CLANG_WARN__DUPLICATE_METHOD_MATCH = YES;
				COPY_PHASE_STRIP = NO;
				DEBUG_INFORMATION_FORMAT = "dwarf-with-dsym";
				ENABLE_NS_ASSERTIONS = NO;
				ENABLE_STRICT_OBJC_MSGSEND = YES;
				GCC_C_LANGUAGE_STANDARD = gnu11;
				GCC_NO_COMMON_BLOCKS = YES;
				GCC_WARN_64_TO_32_BIT_CONVERSION = YES;
				GCC_WARN_ABOUT_RETURN_TYPE = YES_ERROR;
				GCC_WARN_UNDECLARED_SELECTOR = YES;
				GCC_WARN_UNINITIALIZED_AUTOS = YES_AGGRESSIVE;
				GCC_WARN_UNUSED_FUNCTION = YES;
				GCC_WARN_UNUSED_VARIABLE = YES;
				IPHONEOS_DEPLOYMENT_TARGET = 16.2;
				MTL_ENABLE_DEBUG_INFO = NO;
				MTL_FAST_MATH = YES;
				SDKROOT = iphoneos;
				SWIFT_COMPILATION_MODE = wholemodule;
				SWIFT_OPTIMIZATION_LEVEL = "-O";
				VALIDATE_PRODUCT = YES;
			};
			name = Release;
		};
		6105219329D5779200277DC7 /* Debug */ = {
			isa = XCBuildConfiguration;
			buildSettings = {
				ASSETCATALOG_COMPILER_APPICON_NAME = AppIcon;
				ASSETCATALOG_COMPILER_GLOBAL_ACCENT_COLOR_NAME = AccentColor;
				CODE_SIGN_STYLE = Automatic;
				CURRENT_PROJECT_VERSION = 1;
				DEVELOPMENT_TEAM = 25Q4Y7QB9R;
				GENERATE_INFOPLIST_FILE = YES;
				INFOPLIST_FILE = "VIPER-Demo/Info.plist";
				INFOPLIST_KEY_UIApplicationSupportsIndirectInputEvents = YES;
				INFOPLIST_KEY_UILaunchStoryboardName = LaunchScreen;
				INFOPLIST_KEY_UISupportedInterfaceOrientations_iPad = "UIInterfaceOrientationPortrait UIInterfaceOrientationPortraitUpsideDown UIInterfaceOrientationLandscapeLeft UIInterfaceOrientationLandscapeRight";
				INFOPLIST_KEY_UISupportedInterfaceOrientations_iPhone = "UIInterfaceOrientationPortrait UIInterfaceOrientationLandscapeLeft UIInterfaceOrientationLandscapeRight";
				LD_RUNPATH_SEARCH_PATHS = (
					"$(inherited)",
					"@executable_path/Frameworks",
				);
				MARKETING_VERSION = 1.0;
				PRODUCT_BUNDLE_IDENTIFIER = "vince.VIPER-Demo";
				PRODUCT_NAME = "$(TARGET_NAME)";
				SWIFT_EMIT_LOC_STRINGS = YES;
				SWIFT_VERSION = 5.0;
				TARGETED_DEVICE_FAMILY = "1,2";
			};
			name = Debug;
		};
		6105219429D5779200277DC7 /* Release */ = {
			isa = XCBuildConfiguration;
			buildSettings = {
				ASSETCATALOG_COMPILER_APPICON_NAME = AppIcon;
				ASSETCATALOG_COMPILER_GLOBAL_ACCENT_COLOR_NAME = AccentColor;
				CODE_SIGN_STYLE = Automatic;
				CURRENT_PROJECT_VERSION = 1;
				DEVELOPMENT_TEAM = 25Q4Y7QB9R;
				GENERATE_INFOPLIST_FILE = YES;
				INFOPLIST_FILE = "VIPER-Demo/Info.plist";
				INFOPLIST_KEY_UIApplicationSupportsIndirectInputEvents = YES;
				INFOPLIST_KEY_UILaunchStoryboardName = LaunchScreen;
				INFOPLIST_KEY_UISupportedInterfaceOrientations_iPad = "UIInterfaceOrientationPortrait UIInterfaceOrientationPortraitUpsideDown UIInterfaceOrientationLandscapeLeft UIInterfaceOrientationLandscapeRight";
				INFOPLIST_KEY_UISupportedInterfaceOrientations_iPhone = "UIInterfaceOrientationPortrait UIInterfaceOrientationLandscapeLeft UIInterfaceOrientationLandscapeRight";
				LD_RUNPATH_SEARCH_PATHS = (
					"$(inherited)",
					"@executable_path/Frameworks",
				);
				MARKETING_VERSION = 1.0;
				PRODUCT_BUNDLE_IDENTIFIER = "vince.VIPER-Demo";
				PRODUCT_NAME = "$(TARGET_NAME)";
				SWIFT_EMIT_LOC_STRINGS = YES;
				SWIFT_VERSION = 5.0;
				TARGETED_DEVICE_FAMILY = "1,2";
			};
			name = Release;
		};
		6105219629D5779200277DC7 /* Debug */ = {
			isa = XCBuildConfiguration;
			buildSettings = {
				ALWAYS_EMBED_SWIFT_STANDARD_LIBRARIES = YES;
				BUNDLE_LOADER = "$(TEST_HOST)";
				CODE_SIGN_STYLE = Automatic;
				CURRENT_PROJECT_VERSION = 1;
				DEVELOPMENT_TEAM = 25Q4Y7QB9R;
				GENERATE_INFOPLIST_FILE = YES;
				IPHONEOS_DEPLOYMENT_TARGET = 16.2;
				MARKETING_VERSION = 1.0;
				PRODUCT_BUNDLE_IDENTIFIER = "vince.VIPER-DemoTests";
				PRODUCT_NAME = "$(TARGET_NAME)";
				SWIFT_EMIT_LOC_STRINGS = NO;
				SWIFT_VERSION = 5.0;
				TARGETED_DEVICE_FAMILY = "1,2";
				TEST_HOST = "$(BUILT_PRODUCTS_DIR)/VIPER-Demo.app/$(BUNDLE_EXECUTABLE_FOLDER_PATH)/VIPER-Demo";
			};
			name = Debug;
		};
		6105219729D5779200277DC7 /* Release */ = {
			isa = XCBuildConfiguration;
			buildSettings = {
				ALWAYS_EMBED_SWIFT_STANDARD_LIBRARIES = YES;
				BUNDLE_LOADER = "$(TEST_HOST)";
				CODE_SIGN_STYLE = Automatic;
				CURRENT_PROJECT_VERSION = 1;
				DEVELOPMENT_TEAM = 25Q4Y7QB9R;
				GENERATE_INFOPLIST_FILE = YES;
				IPHONEOS_DEPLOYMENT_TARGET = 16.2;
				MARKETING_VERSION = 1.0;
				PRODUCT_BUNDLE_IDENTIFIER = "vince.VIPER-DemoTests";
				PRODUCT_NAME = "$(TARGET_NAME)";
				SWIFT_EMIT_LOC_STRINGS = NO;
				SWIFT_VERSION = 5.0;
				TARGETED_DEVICE_FAMILY = "1,2";
				TEST_HOST = "$(BUILT_PRODUCTS_DIR)/VIPER-Demo.app/$(BUNDLE_EXECUTABLE_FOLDER_PATH)/VIPER-Demo";
			};
			name = Release;
		};
/* End XCBuildConfiguration section */

/* Begin XCConfigurationList section */
		6105216329D5779100277DC7 /* Build configuration list for PBXProject "VIPER-Demo" */ = {
			isa = XCConfigurationList;
			buildConfigurations = (
				6105219029D5779200277DC7 /* Debug */,
				6105219129D5779200277DC7 /* Release */,
			);
			defaultConfigurationIsVisible = 0;
			defaultConfigurationName = Release;
		};
		6105219229D5779200277DC7 /* Build configuration list for PBXNativeTarget "VIPER-Demo" */ = {
			isa = XCConfigurationList;
			buildConfigurations = (
				6105219329D5779200277DC7 /* Debug */,
				6105219429D5779200277DC7 /* Release */,
			);
			defaultConfigurationIsVisible = 0;
			defaultConfigurationName = Release;
		};
		6105219529D5779200277DC7 /* Build configuration list for PBXNativeTarget "VIPER-DemoTests" */ = {
			isa = XCConfigurationList;
			buildConfigurations = (
				6105219629D5779200277DC7 /* Debug */,
				6105219729D5779200277DC7 /* Release */,
			);
			defaultConfigurationIsVisible = 0;
			defaultConfigurationName = Release;
		};
/* End XCConfigurationList section */
	};
	rootObject = 6105216029D5779100277DC7 /* Project object */;
}
