// !$*UTF8*$!
{
	archiveVersion = 1;
	classes = {
	};
	objectVersion = 56;
	objects = {

/* Begin PBXBuildFile section */
		6105216C29D5779100277DC7 /* AppDelegate.swift in Sources */ = {isa = PBXBuildFile; fileRef = 6105216B29D5779100277DC7 /* AppDelegate.swift */; };
		6105216E29D5779100277DC7 /* SceneDelegate.swift in Sources */ = {isa = PBXBuildFile; fileRef = 6105216D29D5779100277DC7 /* SceneDelegate.swift */; };
		6105217529D5779200277DC7 /* Assets.xcassets in Resources */ = {isa = PBXBuildFile; fileRef = 6105217429D5779200277DC7 /* Assets.xcassets */; };
		6105217829D5779200277DC7 /* LaunchScreen.storyboard in Resources */ = {isa = PBXBuildFile; fileRef = 6105217629D5779200277DC7 /* LaunchScreen.storyboard */; };
		6105218329D5779200277DC7 /* VIPER_DemoTests.swift in Sources */ = {isa = PBXBuildFile; fileRef = 6105218229D5779200277DC7 /* VIPER_DemoTests.swift */; };
		6105218D29D5779200277DC7 /* VIPER_DemoUITests.swift in Sources */ = {isa = PBXBuildFile; fileRef = 6105218C29D5779200277DC7 /* VIPER_DemoUITests.swift */; };
		6105218F29D5779200277DC7 /* VIPER_DemoUITestsLaunchTests.swift in Sources */ = {isa = PBXBuildFile; fileRef = 6105218E29D5779200277DC7 /* VIPER_DemoUITestsLaunchTests.swift */; };
		6105219D29D577F400277DC7 /* HomeViewController.swift in Sources */ = {isa = PBXBuildFile; fileRef = 6105219C29D577F400277DC7 /* HomeViewController.swift */; };
		6105219F29D57C3800277DC7 /* StartUpRouter.swift in Sources */ = {isa = PBXBuildFile; fileRef = 6105219E29D57C3800277DC7 /* StartUpRouter.swift */; };
		610521A229D5815D00277DC7 /* HomePresenter.swift in Sources */ = {isa = PBXBuildFile; fileRef = 610521A129D5815D00277DC7 /* HomePresenter.swift */; };
		610521A429D5816800277DC7 /* HomeInteractor.swift in Sources */ = {isa = PBXBuildFile; fileRef = 610521A329D5816800277DC7 /* HomeInteractor.swift */; };
		610521A629D5817300277DC7 /* HomeRouter.swift in Sources */ = {isa = PBXBuildFile; fileRef = 610521A529D5817300277DC7 /* HomeRouter.swift */; };
		610522B729D690DA00277DC7 /* Constant.swift in Sources */ = {isa = PBXBuildFile; fileRef = 610522B629D690DA00277DC7 /* Constant.swift */; };
		610522B929D69E5200277DC7 /* RecordsRouter.swift in Sources */ = {isa = PBXBuildFile; fileRef = 610522B829D69E5200277DC7 /* RecordsRouter.swift */; };
/* End PBXBuildFile section */

/* Begin PBXContainerItemProxy section */
		6105217F29D5779200277DC7 /* PBXContainerItemProxy */ = {
			isa = PBXContainerItemProxy;
			containerPortal = 6105216029D5779100277DC7 /* Project object */;
			proxyType = 1;
			remoteGlobalIDString = 6105216729D5779100277DC7;
			remoteInfo = "VIPER-Demo";
		};
		6105218929D5779200277DC7 /* PBXContainerItemProxy */ = {
			isa = PBXContainerItemProxy;
			containerPortal = 6105216029D5779100277DC7 /* Project object */;
			proxyType = 1;
			remoteGlobalIDString = 6105216729D5779100277DC7;
			remoteInfo = "VIPER-Demo";
		};
/* End PBXContainerItemProxy section */

/* Begin PBXFileReference section */
		6105216829D5779100277DC7 /* VIPER-Demo.app */ = {isa = PBXFileReference; explicitFileType = wrapper.application; includeInIndex = 0; path = "VIPER-Demo.app"; sourceTree = BUILT_PRODUCTS_DIR; };
		6105216B29D5779100277DC7 /* AppDelegate.swift */ = {isa = PBXFileReference; lastKnownFileType = sourcecode.swift; path = AppDelegate.swift; sourceTree = "<group>"; };
		6105216D29D5779100277DC7 /* SceneDelegate.swift */ = {isa = PBXFileReference; lastKnownFileType = sourcecode.swift; path = SceneDelegate.swift; sourceTree = "<group>"; };
		6105217429D5779200277DC7 /* Assets.xcassets */ = {isa = PBXFileReference; lastKnownFileType = folder.assetcatalog; path = Assets.xcassets; sourceTree = "<group>"; };
		6105217729D5779200277DC7 /* Base */ = {isa = PBXFileReference; lastKnownFileType = file.storyboard; name = Base; path = Base.lproj/LaunchScreen.storyboard; sourceTree = "<group>"; };
		6105217929D5779200277DC7 /* Info.plist */ = {isa = PBXFileReference; lastKnownFileType = text.plist.xml; path = Info.plist; sourceTree = "<group>"; };
		6105217E29D5779200277DC7 /* VIPER-DemoTests.xctest */ = {isa = PBXFileReference; explicitFileType = wrapper.cfbundle; includeInIndex = 0; path = "VIPER-DemoTests.xctest"; sourceTree = BUILT_PRODUCTS_DIR; };
		6105218229D5779200277DC7 /* VIPER_DemoTests.swift */ = {isa = PBXFileReference; lastKnownFileType = sourcecode.swift; path = VIPER_DemoTests.swift; sourceTree = "<group>"; };
		6105218829D5779200277DC7 /* VIPER-DemoUITests.xctest */ = {isa = PBXFileReference; explicitFileType = wrapper.cfbundle; includeInIndex = 0; path = "VIPER-DemoUITests.xctest"; sourceTree = BUILT_PRODUCTS_DIR; };
		6105218C29D5779200277DC7 /* VIPER_DemoUITests.swift */ = {isa = PBXFileReference; lastKnownFileType = sourcecode.swift; path = VIPER_DemoUITests.swift; sourceTree = "<group>"; };
		6105218E29D5779200277DC7 /* VIPER_DemoUITestsLaunchTests.swift */ = {isa = PBXFileReference; lastKnownFileType = sourcecode.swift; path = VIPER_DemoUITestsLaunchTests.swift; sourceTree = "<group>"; };
		6105219C29D577F400277DC7 /* HomeViewController.swift */ = {isa = PBXFileReference; lastKnownFileType = sourcecode.swift; path = HomeViewController.swift; sourceTree = "<group>"; };
		6105219E29D57C3800277DC7 /* StartUpRouter.swift */ = {isa = PBXFileReference; lastKnownFileType = sourcecode.swift; path = StartUpRouter.swift; sourceTree = "<group>"; };
		610521A129D5815D00277DC7 /* HomePresenter.swift */ = {isa = PBXFileReference; lastKnownFileType = sourcecode.swift; path = HomePresenter.swift; sourceTree = "<group>"; };
		610521A329D5816800277DC7 /* HomeInteractor.swift */ = {isa = PBXFileReference; lastKnownFileType = sourcecode.swift; path = HomeInteractor.swift; sourceTree = "<group>"; };
		610521A529D5817300277DC7 /* HomeRouter.swift */ = {isa = PBXFileReference; lastKnownFileType = sourcecode.swift; path = HomeRouter.swift; sourceTree = "<group>"; };
		610522B629D690DA00277DC7 /* Constant.swift */ = {isa = PBXFileReference; lastKnownFileType = sourcecode.swift; path = Constant.swift; sourceTree = "<group>"; };
		610522B829D69E5200277DC7 /* RecordsRouter.swift */ = {isa = PBXFileReference; lastKnownFileType = sourcecode.swift; path = RecordsRouter.swift; sourceTree = "<group>"; };
/* End PBXFileReference section */

/* Begin PBXFrameworksBuildPhase section */
		6105216529D5779100277DC7 /* Frameworks */ = {
			isa = PBXFrameworksBuildPhase;
			buildActionMask = 2147483647;
			files = (
			);
			runOnlyForDeploymentPostprocessing = 0;
		};
		6105217B29D5779200277DC7 /* Frameworks */ = {
			isa = PBXFrameworksBuildPhase;
			buildActionMask = 2147483647;
			files = (
			);
			runOnlyForDeploymentPostprocessing = 0;
		};
		6105218529D5779200277DC7 /* Frameworks */ = {
			isa = PBXFrameworksBuildPhase;
			buildActionMask = 2147483647;
			files = (
			);
			runOnlyForDeploymentPostprocessing = 0;
		};
/* End PBXFrameworksBuildPhase section */

/* Begin PBXGroup section */
		6105215F29D5779100277DC7 = {
			isa = PBXGroup;
			children = (
				6105216A29D5779100277DC7 /* VIPER-Demo */,
				6105218129D5779200277DC7 /* VIPER-DemoTests */,
				6105218B29D5779200277DC7 /* VIPER-DemoUITests */,
				6105216929D5779100277DC7 /* Products */,
			);
			sourceTree = "<group>";
		};
		6105216929D5779100277DC7 /* Products */ = {
			isa = PBXGroup;
			children = (
				6105216829D5779100277DC7 /* VIPER-Demo.app */,
				6105217E29D5779200277DC7 /* VIPER-DemoTests.xctest */,
				6105218829D5779200277DC7 /* VIPER-DemoUITests.xctest */,
			);
			name = Products;
			sourceTree = "<group>";
		};
		6105216A29D5779100277DC7 /* VIPER-Demo */ = {
			isa = PBXGroup;
			children = (
				610522B529D690A900277DC7 /* Model */,
				610521A029D57EBA00277DC7 /* Home */,
				6105219B29D577DC00277DC7 /* Routers */,
				6105216B29D5779100277DC7 /* AppDelegate.swift */,
				6105216D29D5779100277DC7 /* SceneDelegate.swift */,
				6105217429D5779200277DC7 /* Assets.xcassets */,
				6105217629D5779200277DC7 /* LaunchScreen.storyboard */,
				6105217929D5779200277DC7 /* Info.plist */,
			);
			path = "VIPER-Demo";
			sourceTree = "<group>";
		};
		6105218129D5779200277DC7 /* VIPER-DemoTests */ = {
			isa = PBXGroup;
			children = (
				6105218229D5779200277DC7 /* VIPER_DemoTests.swift */,
			);
			path = "VIPER-DemoTests";
			sourceTree = "<group>";
		};
		6105218B29D5779200277DC7 /* VIPER-DemoUITests */ = {
			isa = PBXGroup;
			children = (
				6105218C29D5779200277DC7 /* VIPER_DemoUITests.swift */,
				6105218E29D5779200277DC7 /* VIPER_DemoUITestsLaunchTests.swift */,
			);
			path = "VIPER-DemoUITests";
			sourceTree = "<group>";
		};
		6105219B29D577DC00277DC7 /* Routers */ = {
			isa = PBXGroup;
			children = (
				6105219E29D57C3800277DC7 /* StartUpRouter.swift */,
				610521A529D5817300277DC7 /* HomeRouter.swift */,
				610522B829D69E5200277DC7 /* RecordsRouter.swift */,
			);
			path = Routers;
			sourceTree = "<group>";
		};
		610521A029D57EBA00277DC7 /* Home */ = {
			isa = PBXGroup;
			children = (
				6105219C29D577F400277DC7 /* HomeViewController.swift */,
				610521A129D5815D00277DC7 /* HomePresenter.swift */,
				610521A329D5816800277DC7 /* HomeInteractor.swift */,
			);
			path = Home;
			sourceTree = "<group>";
		};
		610522B529D690A900277DC7 /* Model */ = {
			isa = PBXGroup;
			children = (
				610522B629D690DA00277DC7 /* Constant.swift */,
			);
			path = Model;
			sourceTree = "<group>";
		};
/* End PBXGroup section */

/* Begin PBXNativeTarget section */
		6105216729D5779100277DC7 /* VIPER-Demo */ = {
			isa = PBXNativeTarget;
			buildConfigurationList = 6105219229D5779200277DC7 /* Build configuration list for PBXNativeTarget "VIPER-Demo" */;
			buildPhases = (
				6105216429D5779100277DC7 /* Sources */,
				6105216529D5779100277DC7 /* Frameworks */,
				6105216629D5779100277DC7 /* Resources */,
			);
			buildRules = (
			);
			dependencies = (
			);
			name = "VIPER-Demo";
			productName = "VIPER-Demo";
			productReference = 6105216829D5779100277DC7 /* VIPER-Demo.app */;
			productType = "com.apple.product-type.application";
		};
		6105217D29D5779200277DC7 /* VIPER-DemoTests */ = {
			isa = PBXNativeTarget;
			buildConfigurationList = 6105219529D5779200277DC7 /* Build configuration list for PBXNativeTarget "VIPER-DemoTests" */;
			buildPhases = (
				6105217A29D5779200277DC7 /* Sources */,
				6105217B29D5779200277DC7 /* Frameworks */,
				6105217C29D5779200277DC7 /* Resources */,
			);
			buildRules = (
			);
			dependencies = (
				6105218029D5779200277DC7 /* PBXTargetDependency */,
			);
			name = "VIPER-DemoTests";
			productName = "VIPER-DemoTests";
			productReference = 6105217E29D5779200277DC7 /* VIPER-DemoTests.xctest */;
			productType = "com.apple.product-type.bundle.unit-test";
		};
		6105218729D5779200277DC7 /* VIPER-DemoUITests */ = {
			isa = PBXNativeTarget;
			buildConfigurationList = 6105219829D5779200277DC7 /* Build configuration list for PBXNativeTarget "VIPER-DemoUITests" */;
			buildPhases = (
				6105218429D5779200277DC7 /* Sources */,
				6105218529D5779200277DC7 /* Frameworks */,
				6105218629D5779200277DC7 /* Resources */,
			);
			buildRules = (
			);
			dependencies = (
				6105218A29D5779200277DC7 /* PBXTargetDependency */,
			);
			name = "VIPER-DemoUITests";
			productName = "VIPER-DemoUITests";
			productReference = 6105218829D5779200277DC7 /* VIPER-DemoUITests.xctest */;
			productType = "com.apple.product-type.bundle.ui-testing";
		};
/* End PBXNativeTarget section */

/* Begin PBXProject section */
		6105216029D5779100277DC7 /* Project object */ = {
			isa = PBXProject;
			attributes = {
				BuildIndependentTargetsInParallel = 1;
				LastSwiftUpdateCheck = 1420;
				LastUpgradeCheck = 1420;
				TargetAttributes = {
					6105216729D5779100277DC7 = {
						CreatedOnToolsVersion = 14.2;
					};
					6105217D29D5779200277DC7 = {
						CreatedOnToolsVersion = 14.2;
						TestTargetID = 6105216729D5779100277DC7;
					};
					6105218729D5779200277DC7 = {
						CreatedOnToolsVersion = 14.2;
						TestTargetID = 6105216729D5779100277DC7;
					};
				};
			};
			buildConfigurationList = 6105216329D5779100277DC7 /* Build configuration list for PBXProject "VIPER-Demo" */;
			compatibilityVersion = "Xcode 14.0";
			developmentRegion = en;
			hasScannedForEncodings = 0;
			knownRegions = (
				en,
				Base,
			);
			mainGroup = 6105215F29D5779100277DC7;
			productRefGroup = 6105216929D5779100277DC7 /* Products */;
			projectDirPath = "";
			projectRoot = "";
			targets = (
				6105216729D5779100277DC7 /* VIPER-Demo */,
				6105217D29D5779200277DC7 /* VIPER-DemoTests */,
				6105218729D5779200277DC7 /* VIPER-DemoUITests */,
			);
		};
/* End PBXProject section */

/* Begin PBXResourcesBuildPhase section */
		6105216629D5779100277DC7 /* Resources */ = {
			isa = PBXResourcesBuildPhase;
			buildActionMask = 2147483647;
			files = (
				6105217829D5779200277DC7 /* LaunchScreen.storyboard in Resources */,
				6105217529D5779200277DC7 /* Assets.xcassets in Resources */,
			);
			runOnlyForDeploymentPostprocessing = 0;
		};
		6105217C29D5779200277DC7 /* Resources */ = {
			isa = PBXResourcesBuildPhase;
			buildActionMask = 2147483647;
			files = (
			);
			runOnlyForDeploymentPostprocessing = 0;
		};
		6105218629D5779200277DC7 /* Resources */ = {
			isa = PBXResourcesBuildPhase;
			buildActionMask = 2147483647;
			files = (
			);
			runOnlyForDeploymentPostprocessing = 0;
		};
/* End PBXResourcesBuildPhase section */

/* Begin PBXSourcesBuildPhase section */
		6105216429D5779100277DC7 /* Sources */ = {
			isa = PBXSourcesBuildPhase;
			buildActionMask = 2147483647;
			files = (
				6105216C29D5779100277DC7 /* AppDelegate.swift in Sources */,
				6105216E29D5779100277DC7 /* SceneDelegate.swift in Sources */,
				610521A629D5817300277DC7 /* HomeRouter.swift in Sources */,
				610522B729D690DA00277DC7 /* Constant.swift in Sources */,
				6105219F29D57C3800277DC7 /* StartUpRouter.swift in Sources */,
				610522B929D69E5200277DC7 /* RecordsRouter.swift in Sources */,
				610521A429D5816800277DC7 /* HomeInteractor.swift in Sources */,
				610521A229D5815D00277DC7 /* HomePresenter.swift in Sources */,
				6105219D29D577F400277DC7 /* HomeViewController.swift in Sources */,
			);
			runOnlyForDeploymentPostprocessing = 0;
		};
		6105217A29D5779200277DC7 /* Sources */ = {
			isa = PBXSourcesBuildPhase;
			buildActionMask = 2147483647;
			files = (
				6105218329D5779200277DC7 /* VIPER_DemoTests.swift in Sources */,
			);
			runOnlyForDeploymentPostprocessing = 0;
		};
		6105218429D5779200277DC7 /* Sources */ = {
			isa = PBXSourcesBuildPhase;
			buildActionMask = 2147483647;
			files = (
				6105218F29D5779200277DC7 /* VIPER_DemoUITestsLaunchTests.swift in Sources */,
				6105218D29D5779200277DC7 /* VIPER_DemoUITests.swift in Sources */,
			);
			runOnlyForDeploymentPostprocessing = 0;
		};
/* End PBXSourcesBuildPhase section */

/* Begin PBXTargetDependency section */
		6105218029D5779200277DC7 /* PBXTargetDependency */ = {
			isa = PBXTargetDependency;
			target = 6105216729D5779100277DC7 /* VIPER-Demo */;
			targetProxy = 6105217F29D5779200277DC7 /* PBXContainerItemProxy */;
		};
		6105218A29D5779200277DC7 /* PBXTargetDependency */ = {
			isa = PBXTargetDependency;
			target = 6105216729D5779100277DC7 /* VIPER-Demo */;
			targetProxy = 6105218929D5779200277DC7 /* PBXContainerItemProxy */;
		};
/* End PBXTargetDependency section */

/* Begin PBXVariantGroup section */
		6105217629D5779200277DC7 /* LaunchScreen.storyboard */ = {
			isa = PBXVariantGroup;
			children = (
				6105217729D5779200277DC7 /* Base */,
			);
			name = LaunchScreen.storyboard;
			sourceTree = "<group>";
		};
/* End PBXVariantGroup section */

/* Begin XCBuildConfiguration section */
		6105219029D5779200277DC7 /* Debug */ = {
			isa = XCBuildConfiguration;
			buildSettings = {
				ALWAYS_SEARCH_USER_PATHS = NO;
				CLANG_ANALYZER_NONNULL = YES;
				CLANG_ANALYZER_NUMBER_OBJECT_CONVERSION = YES_AGGRESSIVE;
				CLANG_CXX_LANGUAGE_STANDARD = "gnu++20";
				CLANG_ENABLE_MODULES = YES;
				CLANG_ENABLE_OBJC_ARC = YES;
				CLANG_ENABLE_OBJC_WEAK = YES;
				CLANG_WARN_BLOCK_CAPTURE_AUTORELEASING = YES;
				CLANG_WARN_BOOL_CONVERSION = YES;
				CLANG_WARN_COMMA = YES;
				CLANG_WARN_CONSTANT_CONVERSION = YES;
				CLANG_WARN_DEPRECATED_OBJC_IMPLEMENTATIONS = YES;
				CLANG_WARN_DIRECT_OBJC_ISA_USAGE = YES_ERROR;
				CLANG_WARN_DOCUMENTATION_COMMENTS = YES;
				CLANG_WARN_EMPTY_BODY = YES;
				CLANG_WARN_ENUM_CONVERSION = YES;
				CLANG_WARN_INFINITE_RECURSION = YES;
				CLANG_WARN_INT_CONVERSION = YES;
				CLANG_WARN_NON_LITERAL_NULL_CONVERSION = YES;
				CLANG_WARN_OBJC_IMPLICIT_RETAIN_SELF = YES;
				CLANG_WARN_OBJC_LITERAL_CONVERSION = YES;
				CLANG_WARN_OBJC_ROOT_CLASS = YES_ERROR;
				CLANG_WARN_QUOTED_INCLUDE_IN_FRAMEWORK_HEADER = YES;
				CLANG_WARN_RANGE_LOOP_ANALYSIS = YES;
				CLANG_WARN_STRICT_PROTOTYPES = YES;
				CLANG_WARN_SUSPICIOUS_MOVE = YES;
				CLANG_WARN_UNGUARDED_AVAILABILITY = YES_AGGRESSIVE;
				CLANG_WARN_UNREACHABLE_CODE = YES;
				CLANG_WARN__DUPLICATE_METHOD_MATCH = YES;
				COPY_PHASE_STRIP = NO;
				DEBUG_INFORMATION_FORMAT = dwarf;
				ENABLE_STRICT_OBJC_MSGSEND = YES;
				ENABLE_TESTABILITY = YES;
				GCC_C_LANGUAGE_STANDARD = gnu11;
				GCC_DYNAMIC_NO_PIC = NO;
				GCC_NO_COMMON_BLOCKS = YES;
				GCC_OPTIMIZATION_LEVEL = 0;
				GCC_PREPROCESSOR_DEFINITIONS = (
					"DEBUG=1",
					"$(inherited)",
				);
				GCC_WARN_64_TO_32_BIT_CONVERSION = YES;
				GCC_WARN_ABOUT_RETURN_TYPE = YES_ERROR;
				GCC_WARN_UNDECLARED_SELECTOR = YES;
				GCC_WARN_UNINITIALIZED_AUTOS = YES_AGGRESSIVE;
				GCC_WARN_UNUSED_FUNCTION = YES;
				GCC_WARN_UNUSED_VARIABLE = YES;
				IPHONEOS_DEPLOYMENT_TARGET = 16.2;
				MTL_ENABLE_DEBUG_INFO = INCLUDE_SOURCE;
				MTL_FAST_MATH = YES;
				ONLY_ACTIVE_ARCH = YES;
				SDKROOT = iphoneos;
				SWIFT_ACTIVE_COMPILATION_CONDITIONS = DEBUG;
				SWIFT_OPTIMIZATION_LEVEL = "-Onone";
			};
			name = Debug;
		};
		6105219129D5779200277DC7 /* Release */ = {
			isa = XCBuildConfiguration;
			buildSettings = {
				ALWAYS_SEARCH_USER_PATHS = NO;
				CLANG_ANALYZER_NONNULL = YES;
				CLANG_ANALYZER_NUMBER_OBJECT_CONVERSION = YES_AGGRESSIVE;
				CLANG_CXX_LANGUAGE_STANDARD = "gnu++20";
				CLANG_ENABLE_MODULES = YES;
				CLANG_ENABLE_OBJC_ARC = YES;
				CLANG_ENABLE_OBJC_WEAK = YES;
				CLANG_WARN_BLOCK_CAPTURE_AUTORELEASING = YES;
				CLANG_WARN_BOOL_CONVERSION = YES;
				CLANG_WARN_COMMA = YES;
				CLANG_WARN_CONSTANT_CONVERSION = YES;
				CLANG_WARN_DEPRECATED_OBJC_IMPLEMENTATIONS = YES;
				CLANG_WARN_DIRECT_OBJC_ISA_USAGE = YES_ERROR;
				CLANG_WARN_DOCUMENTATION_COMMENTS = YES;
				CLANG_WARN_EMPTY_BODY = YES;
				CLANG_WARN_ENUM_CONVERSION = YES;
				CLANG_WARN_INFINITE_RECURSION = YES;
				CLANG_WARN_INT_CONVERSION = YES;
				CLANG_WARN_NON_LITERAL_NULL_CONVERSION = YES;
				CLANG_WARN_OBJC_IMPLICIT_RETAIN_SELF = YES;
				CLANG_WARN_OBJC_LITERAL_CONVERSION = YES;
				CLANG_WARN_OBJC_ROOT_CLASS = YES_ERROR;
				CLANG_WARN_QUOTED_INCLUDE_IN_FRAMEWORK_HEADER = YES;
				CLANG_WARN_RANGE_LOOP_ANALYSIS = YES;
				CLANG_WARN_STRICT_PROTOTYPES = YES;
				CLANG_WARN_SUSPICIOUS_MOVE = YES;
				CLANG_WARN_UNGUARDED_AVAILABILITY = YES_AGGRESSIVE;
				CLANG_WARN_UNREACHABLE_CODE = YES;
				CLANG_WARN__DUPLICATE_METHOD_MATCH = YES;
				COPY_PHASE_STRIP = NO;
				DEBUG_INFORMATION_FORMAT = "dwarf-with-dsym";
				ENABLE_NS_ASSERTIONS = NO;
				ENABLE_STRICT_OBJC_MSGSEND = YES;
				GCC_C_LANGUAGE_STANDARD = gnu11;
				GCC_NO_COMMON_BLOCKS = YES;
				GCC_WARN_64_TO_32_BIT_CONVERSION = YES;
				GCC_WARN_ABOUT_RETURN_TYPE = YES_ERROR;
				GCC_WARN_UNDECLARED_SELECTOR = YES;
				GCC_WARN_UNINITIALIZED_AUTOS = YES_AGGRESSIVE;
				GCC_WARN_UNUSED_FUNCTION = YES;
				GCC_WARN_UNUSED_VARIABLE = YES;
				IPHONEOS_DEPLOYMENT_TARGET = 16.2;
				MTL_ENABLE_DEBUG_INFO = NO;
				MTL_FAST_MATH = YES;
				SDKROOT = iphoneos;
				SWIFT_COMPILATION_MODE = wholemodule;
				SWIFT_OPTIMIZATION_LEVEL = "-O";
				VALIDATE_PRODUCT = YES;
			};
			name = Release;
		};
		6105219329D5779200277DC7 /* Debug */ = {
			isa = XCBuildConfiguration;
			buildSettings = {
				ASSETCATALOG_COMPILER_APPICON_NAME = AppIcon;
				ASSETCATALOG_COMPILER_GLOBAL_ACCENT_COLOR_NAME = AccentColor;
				CODE_SIGN_STYLE = Automatic;
				CURRENT_PROJECT_VERSION = 1;
				DEVELOPMENT_TEAM = 25Q4Y7QB9R;
				GENERATE_INFOPLIST_FILE = YES;
				INFOPLIST_FILE = "VIPER-Demo/Info.plist";
				INFOPLIST_KEY_UIApplicationSupportsIndirectInputEvents = YES;
				INFOPLIST_KEY_UILaunchStoryboardName = LaunchScreen;
				INFOPLIST_KEY_UISupportedInterfaceOrientations_iPad = "UIInterfaceOrientationPortrait UIInterfaceOrientationPortraitUpsideDown UIInterfaceOrientationLandscapeLeft UIInterfaceOrientationLandscapeRight";
				INFOPLIST_KEY_UISupportedInterfaceOrientations_iPhone = "UIInterfaceOrientationPortrait UIInterfaceOrientationLandscapeLeft UIInterfaceOrientationLandscapeRight";
				LD_RUNPATH_SEARCH_PATHS = (
					"$(inherited)",
					"@executable_path/Frameworks",
				);
				MARKETING_VERSION = 1.0;
				PRODUCT_BUNDLE_IDENTIFIER = "vince.VIPER-Demo";
				PRODUCT_NAME = "$(TARGET_NAME)";
				SWIFT_EMIT_LOC_STRINGS = YES;
				SWIFT_VERSION = 5.0;
				TARGETED_DEVICE_FAMILY = "1,2";
			};
			name = Debug;
		};
		6105219429D5779200277DC7 /* Release */ = {
			isa = XCBuildConfiguration;
			buildSettings = {
				ASSETCATALOG_COMPILER_APPICON_NAME = AppIcon;
				ASSETCATALOG_COMPILER_GLOBAL_ACCENT_COLOR_NAME = AccentColor;
				CODE_SIGN_STYLE = Automatic;
				CURRENT_PROJECT_VERSION = 1;
				DEVELOPMENT_TEAM = 25Q4Y7QB9R;
				GENERATE_INFOPLIST_FILE = YES;
				INFOPLIST_FILE = "VIPER-Demo/Info.plist";
				INFOPLIST_KEY_UIApplicationSupportsIndirectInputEvents = YES;
				INFOPLIST_KEY_UILaunchStoryboardName = LaunchScreen;
				INFOPLIST_KEY_UISupportedInterfaceOrientations_iPad = "UIInterfaceOrientationPortrait UIInterfaceOrientationPortraitUpsideDown UIInterfaceOrientationLandscapeLeft UIInterfaceOrientationLandscapeRight";
				INFOPLIST_KEY_UISupportedInterfaceOrientations_iPhone = "UIInterfaceOrientationPortrait UIInterfaceOrientationLandscapeLeft UIInterfaceOrientationLandscapeRight";
				LD_RUNPATH_SEARCH_PATHS = (
					"$(inherited)",
					"@executable_path/Frameworks",
				);
				MARKETING_VERSION = 1.0;
				PRODUCT_BUNDLE_IDENTIFIER = "vince.VIPER-Demo";
				PRODUCT_NAME = "$(TARGET_NAME)";
				SWIFT_EMIT_LOC_STRINGS = YES;
				SWIFT_VERSION = 5.0;
				TARGETED_DEVICE_FAMILY = "1,2";
			};
			name = Release;
		};
		6105219629D5779200277DC7 /* Debug */ = {
			isa = XCBuildConfiguration;
			buildSettings = {
				ALWAYS_EMBED_SWIFT_STANDARD_LIBRARIES = YES;
				BUNDLE_LOADER = "$(TEST_HOST)";
				CODE_SIGN_STYLE = Automatic;
				CURRENT_PROJECT_VERSION = 1;
				DEVELOPMENT_TEAM = 25Q4Y7QB9R;
				GENERATE_INFOPLIST_FILE = YES;
				IPHONEOS_DEPLOYMENT_TARGET = 16.2;
				MARKETING_VERSION = 1.0;
				PRODUCT_BUNDLE_IDENTIFIER = "vince.VIPER-DemoTests";
				PRODUCT_NAME = "$(TARGET_NAME)";
				SWIFT_EMIT_LOC_STRINGS = NO;
				SWIFT_VERSION = 5.0;
				TARGETED_DEVICE_FAMILY = "1,2";
				TEST_HOST = "$(BUILT_PRODUCTS_DIR)/VIPER-Demo.app/$(BUNDLE_EXECUTABLE_FOLDER_PATH)/VIPER-Demo";
			};
			name = Debug;
		};
		6105219729D5779200277DC7 /* Release */ = {
			isa = XCBuildConfiguration;
			buildSettings = {
				ALWAYS_EMBED_SWIFT_STANDARD_LIBRARIES = YES;
				BUNDLE_LOADER = "$(TEST_HOST)";
				CODE_SIGN_STYLE = Automatic;
				CURRENT_PROJECT_VERSION = 1;
				DEVELOPMENT_TEAM = 25Q4Y7QB9R;
				GENERATE_INFOPLIST_FILE = YES;
				IPHONEOS_DEPLOYMENT_TARGET = 16.2;
				MARKETING_VERSION = 1.0;
				PRODUCT_BUNDLE_IDENTIFIER = "vince.VIPER-DemoTests";
				PRODUCT_NAME = "$(TARGET_NAME)";
				SWIFT_EMIT_LOC_STRINGS = NO;
				SWIFT_VERSION = 5.0;
				TARGETED_DEVICE_FAMILY = "1,2";
				TEST_HOST = "$(BUILT_PRODUCTS_DIR)/VIPER-Demo.app/$(BUNDLE_EXECUTABLE_FOLDER_PATH)/VIPER-Demo";
			};
			name = Release;
		};
		6105219929D5779200277DC7 /* Debug */ = {
			isa = XCBuildConfiguration;
			buildSettings = {
				ALWAYS_EMBED_SWIFT_STANDARD_LIBRARIES = YES;
				CODE_SIGN_STYLE = Automatic;
				CURRENT_PROJECT_VERSION = 1;
				DEVELOPMENT_TEAM = 25Q4Y7QB9R;
				GENERATE_INFOPLIST_FILE = YES;
				MARKETING_VERSION = 1.0;
				PRODUCT_BUNDLE_IDENTIFIER = "vince.VIPER-DemoUITests";
				PRODUCT_NAME = "$(TARGET_NAME)";
				SWIFT_EMIT_LOC_STRINGS = NO;
				SWIFT_VERSION = 5.0;
				TARGETED_DEVICE_FAMILY = "1,2";
				TEST_TARGET_NAME = "VIPER-Demo";
			};
			name = Debug;
		};
		6105219A29D5779200277DC7 /* Release */ = {
			isa = XCBuildConfiguration;
			buildSettings = {
				ALWAYS_EMBED_SWIFT_STANDARD_LIBRARIES = YES;
				CODE_SIGN_STYLE = Automatic;
				CURRENT_PROJECT_VERSION = 1;
				DEVELOPMENT_TEAM = 25Q4Y7QB9R;
				GENERATE_INFOPLIST_FILE = YES;
				MARKETING_VERSION = 1.0;
				PRODUCT_BUNDLE_IDENTIFIER = "vince.VIPER-DemoUITests";
				PRODUCT_NAME = "$(TARGET_NAME)";
				SWIFT_EMIT_LOC_STRINGS = NO;
				SWIFT_VERSION = 5.0;
				TARGETED_DEVICE_FAMILY = "1,2";
				TEST_TARGET_NAME = "VIPER-Demo";
			};
			name = Release;
		};
/* End XCBuildConfiguration section */

/* Begin XCConfigurationList section */
		6105216329D5779100277DC7 /* Build configuration list for PBXProject "VIPER-Demo" */ = {
			isa = XCConfigurationList;
			buildConfigurations = (
				6105219029D5779200277DC7 /* Debug */,
				6105219129D5779200277DC7 /* Release */,
			);
			defaultConfigurationIsVisible = 0;
			defaultConfigurationName = Release;
		};
		6105219229D5779200277DC7 /* Build configuration list for PBXNativeTarget "VIPER-Demo" */ = {
			isa = XCConfigurationList;
			buildConfigurations = (
				6105219329D5779200277DC7 /* Debug */,
				6105219429D5779200277DC7 /* Release */,
			);
			defaultConfigurationIsVisible = 0;
			defaultConfigurationName = Release;
		};
		6105219529D5779200277DC7 /* Build configuration list for PBXNativeTarget "VIPER-DemoTests" */ = {
			isa = XCConfigurationList;
			buildConfigurations = (
				6105219629D5779200277DC7 /* Debug */,
				6105219729D5779200277DC7 /* Release */,
			);
			defaultConfigurationIsVisible = 0;
			defaultConfigurationName = Release;
		};
		6105219829D5779200277DC7 /* Build configuration list for PBXNativeTarget "VIPER-DemoUITests" */ = {
			isa = XCConfigurationList;
			buildConfigurations = (
				6105219929D5779200277DC7 /* Debug */,
				6105219A29D5779200277DC7 /* Release */,
			);
			defaultConfigurationIsVisible = 0;
			defaultConfigurationName = Release;
		};
/* End XCConfigurationList section */
	};
	rootObject = 6105216029D5779100277DC7 /* Project object */;
}
